
Microsoft Visual Studio Solution File, Format Version 12.00
# Visual Studio 15
VisualStudioVersion = 15.0.28307.1267
MinimumVisualStudioVersion = 10.0.40219.1
Project("{FAE04EC0-301F-11D3-BF4B-00C04F79EFBC}") = "GeneratoryPseudolosowe", "GeneratoryPseudolosowe\GeneratoryPseudolosowe.csproj", "{53FAEF2E-8350-4BED-9A1D-CC9B498EDCC4}"
EndProject
Global
	GlobalSection(SolutionConfigurationPlatforms) = preSolution
		Debug|Any CPU = Debug|Any CPU
		Release|Any CPU = Release|Any CPU
	EndGlobalSection
	GlobalSection(ProjectConfigurationPlatforms) = postSolution
		{53FAEF2E-8350-4BED-9A1D-CC9B498EDCC4}.Debug|Any CPU.ActiveCfg = Debug|Any CPU
		{53FAEF2E-8350-4BED-9A1D-CC9B498EDCC4}.Debug|Any CPU.Build.0 = Debug|Any CPU
		{53FAEF2E-8350-4BED-9A1D-CC9B498EDCC4}.Release|Any CPU.ActiveCfg = Release|Any CPU
		{53FAEF2E-8350-4BED-9A1D-CC9B498EDCC4}.Release|Any CPU.Build.0 = Release|Any CPU
	EndGlobalSection
	GlobalSection(SolutionProperties) = preSolution
		HideSolutionNode = FALSE
	EndGlobalSection
	GlobalSection(ExtensibilityGlobals) = postSolution
		SolutionGuid = {8BEC9F16-3A74-4DC8-BB0B-893EF2D82BFD}
	EndGlobalSection
EndGlobal
